
Microsoft Visual Studio Solution File, Format Version 12.00
# Visual Studio Version 17
VisualStudioVersion = 17.9.34622.214
MinimumVisualStudioVersion = 10.0.40219.1
Project("{FAE04EC0-301F-11D3-BF4B-00C04F79EFBC}") = "Lekcja7.zad.2", "Lekcja7.zad.2\Lekcja7.zad.2.csproj", "{03D6F575-F1B7-4CEA-AD59-7A77327D9E27}"
EndProject
Global
	GlobalSection(SolutionConfigurationPlatforms) = preSolution
		Debug|Any CPU = Debug|Any CPU
		Release|Any CPU = Release|Any CPU
	EndGlobalSection
	GlobalSection(ProjectConfigurationPlatforms) = postSolution
		{03D6F575-F1B7-4CEA-AD59-7A77327D9E27}.Debug|Any CPU.ActiveCfg = Debug|Any CPU
		{03D6F575-F1B7-4CEA-AD59-7A77327D9E27}.Debug|Any CPU.Build.0 = Debug|Any CPU
		{03D6F575-F1B7-4CEA-AD59-7A77327D9E27}.Release|Any CPU.ActiveCfg = Release|Any CPU
		{03D6F575-F1B7-4CEA-AD59-7A77327D9E27}.Release|Any CPU.Build.0 = Release|Any CPU
	EndGlobalSection
	GlobalSection(SolutionProperties) = preSolution
		HideSolutionNode = FALSE
	EndGlobalSection
	GlobalSection(ExtensibilityGlobals) = postSolution
		SolutionGuid = {C371F0D5-7695-429F-B9BD-5C2951BD7B7B}
	EndGlobalSection
EndGlobal
